Microsoft Visual Studio Solution File, Format Version 12.00
# Visual Studio Version 17
VisualStudioVersion = 17.5.2.0
MinimumVisualStudioVersion = 10.0.40219.1
Project("{FAE04EC0-301F-11D3-BF4B-00C04F79EFBC}") = "ws-api", "ws-api.csproj", "{A78B214C-C9BC-DB81-83A4-609B6D8EF2AE}"
EndProject
Global
	GlobalSection(SolutionConfigurationPlatforms) = preSolution
		Debug|Any CPU = Debug|Any CPU
		Release|Any CPU = Release|Any CPU
	EndGlobalSection
	GlobalSection(ProjectConfigurationPlatforms) = postSolution
		{A78B214C-C9BC-DB81-83A4-609B6D8EF2AE}.Debug|Any CPU.ActiveCfg = Debug|Any CPU
		{A78B214C-C9BC-DB81-83A4-609B6D8EF2AE}.Debug|Any CPU.Build.0 = Debug|Any CPU
		{A78B214C-C9BC-DB81-83A4-609B6D8EF2AE}.Release|Any CPU.ActiveCfg = Release|Any CPU
		{A78B214C-C9BC-DB81-83A4-609B6D8EF2AE}.Release|Any CPU.Build.0 = Release|Any CPU
	EndGlobalSection
	GlobalSection(SolutionProperties) = preSolution
		HideSolutionNode = FALSE
	EndGlobalSection
	GlobalSection(ExtensibilityGlobals) = postSolution
		SolutionGuid = {671CE5D6-7965-44E0-A3B6-622A3CC37988}
	EndGlobalSection
EndGlobal
